
Microsoft Visual Studio Solution File, Format Version 12.00
# Visual Studio Version 17
VisualStudioVersion = 17.14.36121.58
MinimumVisualStudioVersion = 10.0.40219.1
Project("{8BC9CEB8-8B4A-11D0-8D11-00A0C91BC942}") = "2178_MazeExploration", "2178_MazeExploration\2178_MazeExploration.vcxproj", "{B05799BB-F651-4805-9207-A38387039E7F}"
EndProject
Project("{8BC9CEB8-8B4A-11D0-8D11-00A0C91BC942}") = "1260_DFSAndBFS", "1260_DFS_BFS\1260_DFSAndBFS.vcxproj", "{B4F98C96-9226-4660-B255-30E501F18CC5}"
EndProject
Project("{8BC9CEB8-8B4A-11D0-8D11-00A0C91BC942}") = "2606_Virus", "2606_Virus\2606_Virus.vcxproj", "{70A205E3-325B-475D-ABF7-2B7A5B043BBC}"
EndProject
Project("{8BC9CEB8-8B4A-11D0-8D11-00A0C91BC942}") = "2667_ComplexNumbering", "2667_ComplexNumbering\2667_ComplexNumbering.vcxproj", "{37C8E295-D60A-437F-8AFE-3ABA85E4E7A0}"
EndProject
Project("{8BC9CEB8-8B4A-11D0-8D11-00A0C91BC942}") = "2644_DegreeOfKinship", "2644_DegreeOfKinship\2644_DegreeOfKinship.vcxproj", "{509742AB-9807-41A0-886B-DD141AC165F2}"
EndProject
Global
	GlobalSection(SolutionConfigurationPlatforms) = preSolution
		Debug|x64 = Debug|x64
		Debug|x86 = Debug|x86
		Release|x64 = Release|x64
		Release|x86 = Release|x86
	EndGlobalSection
	GlobalSection(ProjectConfigurationPlatforms) = postSolution
		{B05799BB-F651-4805-9207-A38387039E7F}.Debug|x64.ActiveCfg = Debug|x64
		{B05799BB-F651-4805-9207-A38387039E7F}.Debug|x64.Build.0 = Debug|x64
		{B05799BB-F651-4805-9207-A38387039E7F}.Debug|x86.ActiveCfg = Debug|Win32
		{B05799BB-F651-4805-9207-A38387039E7F}.Debug|x86.Build.0 = Debug|Win32
		{B05799BB-F651-4805-9207-A38387039E7F}.Release|x64.ActiveCfg = Release|x64
		{B05799BB-F651-4805-9207-A38387039E7F}.Release|x64.Build.0 = Release|x64
		{B05799BB-F651-4805-9207-A38387039E7F}.Release|x86.ActiveCfg = Release|Win32
		{B05799BB-F651-4805-9207-A38387039E7F}.Release|x86.Build.0 = Release|Win32
		{B4F98C96-9226-4660-B255-30E501F18CC5}.Debug|x64.ActiveCfg = Debug|x64
		{B4F98C96-9226-4660-B255-30E501F18CC5}.Debug|x64.Build.0 = Debug|x64
		{B4F98C96-9226-4660-B255-30E501F18CC5}.Debug|x86.ActiveCfg = Debug|Win32
		{B4F98C96-9226-4660-B255-30E501F18CC5}.Debug|x86.Build.0 = Debug|Win32
		{B4F98C96-9226-4660-B255-30E501F18CC5}.Release|x64.ActiveCfg = Release|x64
		{B4F98C96-9226-4660-B255-30E501F18CC5}.Release|x64.Build.0 = Release|x64
		{B4F98C96-9226-4660-B255-30E501F18CC5}.Release|x86.ActiveCfg = Release|Win32
		{B4F98C96-9226-4660-B255-30E501F18CC5}.Release|x86.Build.0 = Release|Win32
		{70A205E3-325B-475D-ABF7-2B7A5B043BBC}.Debug|x64.ActiveCfg = Debug|x64
		{70A205E3-325B-475D-ABF7-2B7A5B043BBC}.Debug|x64.Build.0 = Debug|x64
		{70A205E3-325B-475D-ABF7-2B7A5B043BBC}.Debug|x86.ActiveCfg = Debug|Win32
		{70A205E3-325B-475D-ABF7-2B7A5B043BBC}.Debug|x86.Build.0 = Debug|Win32
		{70A205E3-325B-475D-ABF7-2B7A5B043BBC}.Release|x64.ActiveCfg = Release|x64
		{70A205E3-325B-475D-ABF7-2B7A5B043BBC}.Release|x64.Build.0 = Release|x64
		{70A205E3-325B-475D-ABF7-2B7A5B043BBC}.Release|x86.ActiveCfg = Release|Win32
		{70A205E3-325B-475D-ABF7-2B7A5B043BBC}.Release|x86.Build.0 = Release|Win32
		{37C8E295-D60A-437F-8AFE-3ABA85E4E7A0}.Debug|x64.ActiveCfg = Debug|x64
		{37C8E295-D60A-437F-8AFE-3ABA85E4E7A0}.Debug|x64.Build.0 = Debug|x64
		{37C8E295-D60A-437F-8AFE-3ABA85E4E7A0}.Debug|x86.ActiveCfg = Debug|Win32
		{37C8E295-D60A-437F-8AFE-3ABA85E4E7A0}.Debug|x86.Build.0 = Debug|Win32
		{37C8E295-D60A-437F-8AFE-3ABA85E4E7A0}.Release|x64.ActiveCfg = Release|x64
		{37C8E295-D60A-437F-8AFE-3ABA85E4E7A0}.Release|x64.Build.0 = Release|x64
		{37C8E295-D60A-437F-8AFE-3ABA85E4E7A0}.Release|x86.ActiveCfg = Release|Win32
		{37C8E295-D60A-437F-8AFE-3ABA85E4E7A0}.Release|x86.Build.0 = Release|Win32
		{509742AB-9807-41A0-886B-DD141AC165F2}.Debug|x64.ActiveCfg = Debug|x64
		{509742AB-9807-41A0-886B-DD141AC165F2}.Debug|x64.Build.0 = Debug|x64
		{509742AB-9807-41A0-886B-DD141AC165F2}.Debug|x86.ActiveCfg = Debug|Win32
		{509742AB-9807-41A0-886B-DD141AC165F2}.Debug|x86.Build.0 = Debug|Win32
		{509742AB-9807-41A0-886B-DD141AC165F2}.Release|x64.ActiveCfg = Release|x64
		{509742AB-9807-41A0-886B-DD141AC165F2}.Release|x64.Build.0 = Release|x64
		{509742AB-9807-41A0-886B-DD141AC165F2}.Release|x86.ActiveCfg = Release|Win32
		{509742AB-9807-41A0-886B-DD141AC165F2}.Release|x86.Build.0 = Release|Win32
	EndGlobalSection
	GlobalSection(SolutionProperties) = preSolution
		HideSolutionNode = FALSE
	EndGlobalSection
	GlobalSection(ExtensibilityGlobals) = postSolution
		SolutionGuid = {41E22ABC-8633-41D9-B2E3-EF7EF29B7548}
	EndGlobalSection
EndGlobal
